
Microsoft Visual Studio Solution File, Format Version 12.00
# Visual Studio Version 16
VisualStudioVersion = 16.0.30804.86
MinimumVisualStudioVersion = 10.0.40219.1
Project("{FAE04EC0-301F-11D3-BF4B-00C04F79EFBC}") = "Blackjack App v.2", "Blackjack App v.2.csproj", "{093B9A7E-CBDD-4070-9CD1-D4235A6AA7C7}"
EndProject
Global
	GlobalSection(SolutionConfigurationPlatforms) = preSolution
		Debug|Any CPU = Debug|Any CPU
		Release|Any CPU = Release|Any CPU
	EndGlobalSection
	GlobalSection(ProjectConfigurationPlatforms) = postSolution
		{093B9A7E-CBDD-4070-9CD1-D4235A6AA7C7}.Debug|Any CPU.ActiveCfg = Debug|Any CPU
		{093B9A7E-CBDD-4070-9CD1-D4235A6AA7C7}.Debug|Any CPU.Build.0 = Debug|Any CPU
		{093B9A7E-CBDD-4070-9CD1-D4235A6AA7C7}.Release|Any CPU.ActiveCfg = Release|Any CPU
		{093B9A7E-CBDD-4070-9CD1-D4235A6AA7C7}.Release|Any CPU.Build.0 = Release|Any CPU
	EndGlobalSection
	GlobalSection(SolutionProperties) = preSolution
		HideSolutionNode = FALSE
	EndGlobalSection
	GlobalSection(ExtensibilityGlobals) = postSolution
		SolutionGuid = {0DA08F6A-D92E-4196-A02C-C74DB705A76C}
	EndGlobalSection
EndGlobal
